
Microsoft Visual Studio Solution File, Format Version 12.00
# Visual Studio Version 16
VisualStudioVersion = 16.0.31729.503
MinimumVisualStudioVersion = 10.0.40219.1
Project("{FAE04EC0-301F-11D3-BF4B-00C04F79EFBC}") = "Bilgi_Yarismasi", "Bilgi_Yarismasi.csproj", "{5A743FF5-E9C9-4937-97B0-1D65801D0924}"
EndProject
Global
	GlobalSection(SolutionConfigurationPlatforms) = preSolution
		Debug|Any CPU = Debug|Any CPU
		Release|Any CPU = Release|Any CPU
	EndGlobalSection
	GlobalSection(ProjectConfigurationPlatforms) = postSolution
		{5A743FF5-E9C9-4937-97B0-1D65801D0924}.Debug|Any CPU.ActiveCfg = Debug|Any CPU
		{5A743FF5-E9C9-4937-97B0-1D65801D0924}.Debug|Any CPU.Build.0 = Debug|Any CPU
		{5A743FF5-E9C9-4937-97B0-1D65801D0924}.Release|Any CPU.ActiveCfg = Release|Any CPU
		{5A743FF5-E9C9-4937-97B0-1D65801D0924}.Release|Any CPU.Build.0 = Release|Any CPU
	EndGlobalSection
	GlobalSection(SolutionProperties) = preSolution
		HideSolutionNode = FALSE
	EndGlobalSection
	GlobalSection(ExtensibilityGlobals) = postSolution
		SolutionGuid = {50B3FF75-3F56-4AEA-82F6-76933B92EF56}
	EndGlobalSection
EndGlobal
